
Microsoft Visual Studio Solution File, Format Version 12.00
# Visual Studio Version 17
VisualStudioVersion = 17.0.31903.59
MinimumVisualStudioVersion = 10.0.40219.1
Project("{2150E333-8FDC-42A3-9474-1A3956D46DE8}") = "src", "src", "{BC2077AB-A08A-4DBC-AC43-AA7F1C93D2B0}"
EndProject
Project("{2150E333-8FDC-42A3-9474-1A3956D46DE8}") = "test", "test", "{5E3F8EFD-3363-4EF5-880E-63E1D91FE0EA}"
EndProject
Project("{FAE04EC0-301F-11D3-BF4B-00C04F79EFBC}") = "Chirp.Razor", "src\Chirp.Razor\Chirp.Razor.csproj", "{3A0F4F42-2245-4E3D-BC10-45DA0778CE76}"
EndProject
Project("{FAE04EC0-301F-11D3-BF4B-00C04F79EFBC}") = "Chirp.DB", "src\Chirp.DB\Chirp.DB.csproj", "{CBB39773-3F65-4630-8737-7BA18A645B19}"
EndProject
Global
	GlobalSection(SolutionConfigurationPlatforms) = preSolution
		Debug|Any CPU = Debug|Any CPU
		Release|Any CPU = Release|Any CPU
	EndGlobalSection
	GlobalSection(ProjectConfigurationPlatforms) = postSolution
		{3A0F4F42-2245-4E3D-BC10-45DA0778CE76}.Debug|Any CPU.ActiveCfg = Debug|Any CPU
		{3A0F4F42-2245-4E3D-BC10-45DA0778CE76}.Debug|Any CPU.Build.0 = Debug|Any CPU
		{3A0F4F42-2245-4E3D-BC10-45DA0778CE76}.Release|Any CPU.ActiveCfg = Release|Any CPU
		{3A0F4F42-2245-4E3D-BC10-45DA0778CE76}.Release|Any CPU.Build.0 = Release|Any CPU
		{CBB39773-3F65-4630-8737-7BA18A645B19}.Debug|Any CPU.ActiveCfg = Debug|Any CPU
		{CBB39773-3F65-4630-8737-7BA18A645B19}.Debug|Any CPU.Build.0 = Debug|Any CPU
		{CBB39773-3F65-4630-8737-7BA18A645B19}.Release|Any CPU.ActiveCfg = Release|Any CPU
		{CBB39773-3F65-4630-8737-7BA18A645B19}.Release|Any CPU.Build.0 = Release|Any CPU
	EndGlobalSection
	GlobalSection(SolutionProperties) = preSolution
		HideSolutionNode = FALSE
	EndGlobalSection
	GlobalSection(NestedProjects) = preSolution
		{3A0F4F42-2245-4E3D-BC10-45DA0778CE76} = {BC2077AB-A08A-4DBC-AC43-AA7F1C93D2B0}
		{CBB39773-3F65-4630-8737-7BA18A645B19} = {BC2077AB-A08A-4DBC-AC43-AA7F1C93D2B0}
	EndGlobalSection
EndGlobal
