
Microsoft Visual Studio Solution File, Format Version 12.00
# Visual Studio Version 17
VisualStudioVersion = 17.0.31903.59
MinimumVisualStudioVersion = 10.0.40219.1
Project("{2150E333-8FDC-42A3-9474-1A3956D46DE8}") = "src", "src", "{BC2077AB-A08A-4DBC-AC43-AA7F1C93D2B0}"
EndProject
Project("{2150E333-8FDC-42A3-9474-1A3956D46DE8}") = "test", "test", "{5E3F8EFD-3363-4EF5-880E-63E1D91FE0EA}"
EndProject
Project("{FAE04EC0-301F-11D3-BF4B-00C04F79EFBC}") = "Chirp.Web", "src\Chirp.Web\Chirp.Web.csproj", "{3A0F4F42-2245-4E3D-BC10-45DA0778CE76}"
EndProject
Project("{FAE04EC0-301F-11D3-BF4B-00C04F79EFBC}") = "Chirp.Razor.Tests", "test\Chirp.Razor.Tests\Chirp.Razor.Tests.csproj", "{79E2589A-B141-4EFB-BDC4-BD0A38E94057}"
EndProject
Project("{FAE04EC0-301F-11D3-BF4B-00C04F79EFBC}") = "Chirp.Core", "src\Chirp.Core\Chirp.Core.csproj", "{7E8F3536-7993-402E-B38C-577DAE3C1BBC}"
EndProject
Project("{FAE04EC0-301F-11D3-BF4B-00C04F79EFBC}") = "Chirp.Infrastructure", "src\Chirp.Infrastructure\Chirp.Infrastructure.csproj", "{18323E62-6E75-4C3A-BB56-B3F50AC09066}"
EndProject
Global
	GlobalSection(SolutionConfigurationPlatforms) = preSolution
		Debug|Any CPU = Debug|Any CPU
		Release|Any CPU = Release|Any CPU
	EndGlobalSection
	GlobalSection(ProjectConfigurationPlatforms) = postSolution
		{3A0F4F42-2245-4E3D-BC10-45DA0778CE76}.Debug|Any CPU.ActiveCfg = Debug|Any CPU
		{3A0F4F42-2245-4E3D-BC10-45DA0778CE76}.Debug|Any CPU.Build.0 = Debug|Any CPU
		{3A0F4F42-2245-4E3D-BC10-45DA0778CE76}.Release|Any CPU.ActiveCfg = Release|Any CPU
		{3A0F4F42-2245-4E3D-BC10-45DA0778CE76}.Release|Any CPU.Build.0 = Release|Any CPU
		{79E2589A-B141-4EFB-BDC4-BD0A38E94057}.Debug|Any CPU.ActiveCfg = Debug|Any CPU
		{79E2589A-B141-4EFB-BDC4-BD0A38E94057}.Debug|Any CPU.Build.0 = Debug|Any CPU
		{79E2589A-B141-4EFB-BDC4-BD0A38E94057}.Release|Any CPU.ActiveCfg = Release|Any CPU
		{79E2589A-B141-4EFB-BDC4-BD0A38E94057}.Release|Any CPU.Build.0 = Release|Any CPU
		{7E8F3536-7993-402E-B38C-577DAE3C1BBC}.Debug|Any CPU.ActiveCfg = Debug|Any CPU
		{7E8F3536-7993-402E-B38C-577DAE3C1BBC}.Debug|Any CPU.Build.0 = Debug|Any CPU
		{7E8F3536-7993-402E-B38C-577DAE3C1BBC}.Release|Any CPU.ActiveCfg = Release|Any CPU
		{7E8F3536-7993-402E-B38C-577DAE3C1BBC}.Release|Any CPU.Build.0 = Release|Any CPU
		{18323E62-6E75-4C3A-BB56-B3F50AC09066}.Debug|Any CPU.ActiveCfg = Debug|Any CPU
		{18323E62-6E75-4C3A-BB56-B3F50AC09066}.Debug|Any CPU.Build.0 = Debug|Any CPU
		{18323E62-6E75-4C3A-BB56-B3F50AC09066}.Release|Any CPU.ActiveCfg = Release|Any CPU
		{18323E62-6E75-4C3A-BB56-B3F50AC09066}.Release|Any CPU.Build.0 = Release|Any CPU
	EndGlobalSection
	GlobalSection(SolutionProperties) = preSolution
		HideSolutionNode = FALSE
	EndGlobalSection
	GlobalSection(NestedProjects) = preSolution
		{3A0F4F42-2245-4E3D-BC10-45DA0778CE76} = {BC2077AB-A08A-4DBC-AC43-AA7F1C93D2B0}
		{79E2589A-B141-4EFB-BDC4-BD0A38E94057} = {5E3F8EFD-3363-4EF5-880E-63E1D91FE0EA}
		{7E8F3536-7993-402E-B38C-577DAE3C1BBC} = {BC2077AB-A08A-4DBC-AC43-AA7F1C93D2B0}
		{18323E62-6E75-4C3A-BB56-B3F50AC09066} = {BC2077AB-A08A-4DBC-AC43-AA7F1C93D2B0}
	EndGlobalSection
EndGlobal
